
Microsoft Visual Studio Solution File, Format Version 12.00
# Visual Studio Version 17
VisualStudioVersion = 17.10.34928.147
MinimumVisualStudioVersion = 10.0.40219.1
Project("{9A19103F-16F7-4668-BE54-9A1E7A4F7556}") = "product-trial-back", "product-trial-back\product-trial-back.csproj", "{28DA82F1-CAE7-4343-BC65-C6B2DFDFB21C}"
EndProject
Project("{FAE04EC0-301F-11D3-BF4B-00C04F79EFBC}") = "Project.DTO", "Project.DTO\Project.DTO.csproj", "{ED07E16E-C978-4C2A-890F-8EDCCA8DFA36}"
EndProject
Project("{FAE04EC0-301F-11D3-BF4B-00C04F79EFBC}") = "Project.Infrastructure", "Project.Infrastructure\Project.Infrastructure.csproj", "{037588FC-3179-4C57-8A53-F4AFEA182636}"
EndProject
Global
	GlobalSection(SolutionConfigurationPlatforms) = preSolution
		Debug|Any CPU = Debug|Any CPU
		Release|Any CPU = Release|Any CPU
	EndGlobalSection
	GlobalSection(ProjectConfigurationPlatforms) = postSolution
		{28DA82F1-CAE7-4343-BC65-C6B2DFDFB21C}.Debug|Any CPU.ActiveCfg = Debug|Any CPU
		{28DA82F1-CAE7-4343-BC65-C6B2DFDFB21C}.Debug|Any CPU.Build.0 = Debug|Any CPU
		{28DA82F1-CAE7-4343-BC65-C6B2DFDFB21C}.Release|Any CPU.ActiveCfg = Release|Any CPU
		{28DA82F1-CAE7-4343-BC65-C6B2DFDFB21C}.Release|Any CPU.Build.0 = Release|Any CPU
		{ED07E16E-C978-4C2A-890F-8EDCCA8DFA36}.Debug|Any CPU.ActiveCfg = Debug|Any CPU
		{ED07E16E-C978-4C2A-890F-8EDCCA8DFA36}.Debug|Any CPU.Build.0 = Debug|Any CPU
		{ED07E16E-C978-4C2A-890F-8EDCCA8DFA36}.Release|Any CPU.ActiveCfg = Release|Any CPU
		{ED07E16E-C978-4C2A-890F-8EDCCA8DFA36}.Release|Any CPU.Build.0 = Release|Any CPU
		{037588FC-3179-4C57-8A53-F4AFEA182636}.Debug|Any CPU.ActiveCfg = Debug|Any CPU
		{037588FC-3179-4C57-8A53-F4AFEA182636}.Debug|Any CPU.Build.0 = Debug|Any CPU
		{037588FC-3179-4C57-8A53-F4AFEA182636}.Release|Any CPU.ActiveCfg = Release|Any CPU
		{037588FC-3179-4C57-8A53-F4AFEA182636}.Release|Any CPU.Build.0 = Release|Any CPU
	EndGlobalSection
	GlobalSection(SolutionProperties) = preSolution
		HideSolutionNode = FALSE
	EndGlobalSection
	GlobalSection(ExtensibilityGlobals) = postSolution
		SolutionGuid = {E67EE13D-D13F-472C-8269-E5EA781E274E}
	EndGlobalSection
EndGlobal
